
Microsoft Visual Studio Solution File, Format Version 12.00
# Visual Studio Version 16
VisualStudioVersion = 16.0.30104.148
MinimumVisualStudioVersion = 10.0.40219.1
Project("{FAE04EC0-301F-11D3-BF4B-00C04F79EFBC}") = "Covid19", "Covid19\Covid19.csproj", "{A2188BC5-34DF-428C-9938-C70C4C6F254D}"
EndProject
Global
	GlobalSection(SolutionConfigurationPlatforms) = preSolution
		Debug|Any CPU = Debug|Any CPU
		Release|Any CPU = Release|Any CPU
	EndGlobalSection
	GlobalSection(ProjectConfigurationPlatforms) = postSolution
		{A2188BC5-34DF-428C-9938-C70C4C6F254D}.Debug|Any CPU.ActiveCfg = Debug|Any CPU
		{A2188BC5-34DF-428C-9938-C70C4C6F254D}.Debug|Any CPU.Build.0 = Debug|Any CPU
		{A2188BC5-34DF-428C-9938-C70C4C6F254D}.Release|Any CPU.ActiveCfg = Release|Any CPU
		{A2188BC5-34DF-428C-9938-C70C4C6F254D}.Release|Any CPU.Build.0 = Release|Any CPU
	EndGlobalSection
	GlobalSection(SolutionProperties) = preSolution
		HideSolutionNode = FALSE
	EndGlobalSection
	GlobalSection(ExtensibilityGlobals) = postSolution
		SolutionGuid = {BB511AA0-77E7-4BCE-BA96-1DE5091CBA91}
	EndGlobalSection
EndGlobal
